lockfileVersion: 5.3

specifiers:
  prettier: ^2.5.1
  ts-node: ^10.7.0
  typescript: ^4.5.2
  vite: ^2.7.1

dependencies:
  ts-node: registry.npmmirror.com/ts-node/10.7.0_typescript@4.5.2

devDependencies:
  prettier: registry.npmmirror.com/prettier/2.5.1
  typescript: registry.npmmirror.com/typescript/4.5.2
  vite: 2.7.1

packages:

  /esbuild/0.13.15:
    resolution: {integrity: sha512-raCxt02HBKv8RJxE8vkTSCXGIyKHdEdGfUmiYb8wnabnaEmHzyW7DCHb5tEN0xU8ryqg5xw54mcwnYkC4x3AIw==}
    hasBin: true
    requiresBuild: true
    optionalDependencies:
      esbuild-android-arm64: registry.npmmirror.com/esbuild-android-arm64/0.13.15
      esbuild-darwin-64: registry.npmmirror.com/esbuild-darwin-64/0.13.15
      esbuild-darwin-arm64: registry.npmmirror.com/esbuild-darwin-arm64/0.13.15
      esbuild-freebsd-64: registry.npmmirror.com/esbuild-freebsd-64/0.13.15
      esbuild-freebsd-arm64: registry.npmmirror.com/esbuild-freebsd-arm64/0.13.15
      esbuild-linux-32: registry.npmmirror.com/esbuild-linux-32/0.13.15
      esbuild-linux-64: registry.npmmirror.com/esbuild-linux-64/0.13.15
      esbuild-linux-arm: registry.npmmirror.com/esbuild-linux-arm/0.13.15
      esbuild-linux-arm64: registry.npmmirror.com/esbuild-linux-arm64/0.13.15
      esbuild-linux-mips64le: registry.npmmirror.com/esbuild-linux-mips64le/0.13.15
      esbuild-linux-ppc64le: registry.npmmirror.com/esbuild-linux-ppc64le/0.13.15
      esbuild-netbsd-64: registry.npmmirror.com/esbuild-netbsd-64/0.13.15
      esbuild-openbsd-64: registry.npmmirror.com/esbuild-openbsd-64/0.13.15
      esbuild-sunos-64: registry.npmmirror.com/esbuild-sunos-64/0.13.15
      esbuild-windows-32: registry.npmmirror.com/esbuild-windows-32/0.13.15
      esbuild-windows-64: registry.npmmirror.com/esbuild-windows-64/0.13.15
      esbuild-windows-arm64: registry.npmmirror.com/esbuild-windows-arm64/0.13.15
    dev: true

  /function-bind/1.1.1:
    resolution: {integrity: sha512-yIovAzMX49sF8Yl58fSCWJ5svSLuaibPxXQJFLmBObTuCr0Mf1KiPopGM9NiFjiYBCbfaa2Fh6breQ6ANVTI0A==}
    dev: true

  /has/1.0.3:
    resolution: {integrity: sha512-f2dvO0VU6Oej7RkWJGrehjbzMAjFp5/VKPp5tTpWIV4JHHZK1/BxbFRtf/siA2SWTe09caDmVtYYzWEIbBS4zw==}
    engines: {node: '>= 0.4.0'}
    dependencies:
      function-bind: 1.1.1
    dev: true

  /is-core-module/2.8.0:
    resolution: {integrity: sha512-vd15qHsaqrRL7dtH6QNuy0ndJmRDrS9HAM1CAiSifNUFv4x1a0CCVsj18hJ1mShxIG6T2i1sO78MkP56r0nYRw==}
    dependencies:
      has: 1.0.3
    dev: true

  /nanoid/3.1.30:
    resolution: {integrity: sha512-zJpuPDwOv8D2zq2WRoMe1HsfZthVewpel9CAvTfc/2mBD1uUT/agc5f7GHGWXlYkFvi1mVxe4IjvP2HNrop7nQ==}
    engines: {node: ^10 || ^12 || ^13.7 || ^14 || >=15.0.1}
    hasBin: true
    dev: true

  /path-parse/1.0.7:
    resolution: {integrity: sha512-LDJzPVEEEPR+y48z93A0Ed0yXb8pAByGWo/k5YYdYgpY2/2EsOsksJrq7lOHxryrVOn1ejG6oAp8ahvOIQD8sw==}
    dev: true

  /picocolors/1.0.0:
    resolution: {integrity: sha512-1fygroTLlHu66zi26VoTDv8yRgm0Fccecssto+MhsZ0D/DGW2sm8E8AjW7NU5VVTRt5GxbeZ5qBuJr+HyLYkjQ==}
    dev: true

  /postcss/8.4.4:
    resolution: {integrity: sha512-joU6fBsN6EIer28Lj6GDFoC/5yOZzLCfn0zHAn/MYXI7aPt4m4hK5KC5ovEZXy+lnCjmYIbQWngvju2ddyEr8Q==}
    engines: {node: ^10 || ^12 || >=14}
    dependencies:
      nanoid: 3.1.30
      picocolors: 1.0.0
      source-map-js: 1.0.1
    dev: true

  /resolve/1.20.0:
    resolution: {integrity: sha512-wENBPt4ySzg4ybFQW2TT1zMQucPK95HSh/nq2CFTZVOGut2+pQvSsgtda4d26YrYcr067wjbmzOG8byDPBX63A==}
    dependencies:
      is-core-module: 2.8.0
      path-parse: 1.0.7
    dev: true

  /rollup/2.60.2:
    resolution: {integrity: sha512-1Bgjpq61sPjgoZzuiDSGvbI1tD91giZABgjCQBKM5aYLnzjq52GoDuWVwT/cm/MCxCMPU8gqQvkj8doQ5C8Oqw==}
    engines: {node: '>=10.0.0'}
    hasBin: true
    optionalDependencies:
      fsevents: registry.npmmirror.com/fsevents/2.3.2
    dev: true

  /source-map-js/1.0.1:
    resolution: {integrity: sha512-4+TN2b3tqOCd/kaGRJ/sTYA0tR0mdXx26ipdolxcwtJVqEnqNYvlCAt1q3ypy4QMlYus+Zh34RNtYLoq2oQ4IA==}
    engines: {node: '>=0.10.0'}
    dev: true

  /vite/2.7.1:
    resolution: {integrity: sha512-TDXXhcu5lyQ6uosK4ZWaOyB4VzOiizk0biitRzDzaEtgSUi8rVYPc4k1xgOjLSf0OuceDJmojFKXHOX9DB1WuQ==}
    engines: {node: '>=12.2.0'}
    hasBin: true
    peerDependencies:
      less: '*'
      sass: '*'
      stylus: '*'
    peerDependenciesMeta:
      less:
        optional: true
      sass:
        optional: true
      stylus:
        optional: true
    dependencies:
      esbuild: 0.13.15
      postcss: 8.4.4
      resolve: 1.20.0
      rollup: 2.60.2
    optionalDependencies:
      fsevents: registry.npmmirror.com/fsevents/2.3.2
    dev: true

  registry.npmmirror.com/@cspotcode/source-map-consumer/0.8.0:
    resolution: {integrity: sha512-41qniHzTU8yAGbCp04ohlmSrZf8bkf/iJsl3V0dRGsQN/5GFfx+LbCSsCpp2gqrqjTVg/K6O8ycoV35JIwAzAg==, registry: https://registry.npm.taobao.org/, tarball: https://registry.npmmirror.com/@cspotcode/source-map-consumer/-/source-map-consumer-0.8.0.tgz}
    name: '@cspotcode/source-map-consumer'
    version: 0.8.0
    engines: {node: '>= 12'}
    dev: false

  registry.npmmirror.com/@cspotcode/source-map-support/0.7.0:
    resolution: {integrity: sha512-X4xqRHqN8ACt2aHVe51OxeA2HjbcL4MqFqXkrmQszJ1NOUuUu5u6Vqx/0lZSVNku7velL5FC/s5uEAj1lsBMhA==, registry: https://registry.npm.taobao.org/, tarball: https://registry.npmmirror.com/@cspotcode/source-map-support/-/source-map-support-0.7.0.tgz}
    name: '@cspotcode/source-map-support'
    version: 0.7.0
    engines: {node: '>=12'}
    dependencies:
      '@cspotcode/source-map-consumer': registry.npmmirror.com/@cspotcode/source-map-consumer/0.8.0
    dev: false

  registry.npmmirror.com/@tsconfig/node10/1.0.8:
    resolution: {integrity: sha512-6XFfSQmMgq0CFLY1MslA/CPUfhIL919M1rMsa5lP2P097N2Wd1sSX0tx1u4olM16fLNhtHZpRhedZJphNJqmZg==, registry: https://registry.npm.taobao.org/, tarball: https://registry.npmmirror.com/@tsconfig/node10/-/node10-1.0.8.tgz}
    name: '@tsconfig/node10'
    version: 1.0.8
    dev: false

  registry.npmmirror.com/@tsconfig/node12/1.0.9:
    resolution: {integrity: sha512-/yBMcem+fbvhSREH+s14YJi18sp7J9jpuhYByADT2rypfajMZZN4WQ6zBGgBKp53NKmqI36wFYDb3yaMPurITw==, registry: https://registry.npm.taobao.org/, tarball: https://registry.npmmirror.com/@tsconfig/node12/-/node12-1.0.9.tgz}
    name: '@tsconfig/node12'
    version: 1.0.9
    dev: false

  registry.npmmirror.com/@tsconfig/node14/1.0.1:
    resolution: {integrity: sha512-509r2+yARFfHHE7T6Puu2jjkoycftovhXRqW328PDXTVGKihlb1P8Z9mMZH04ebyajfRY7dedfGynlrFHJUQCg==, registry: https://registry.npm.taobao.org/, tarball: https://registry.npmmirror.com/@tsconfig/node14/-/node14-1.0.1.tgz}
    name: '@tsconfig/node14'
    version: 1.0.1
    dev: false

  registry.npmmirror.com/@tsconfig/node16/1.0.2:
    resolution: {integrity: sha512-eZxlbI8GZscaGS7kkc/trHTT5xgrjH3/1n2JDwusC9iahPKWMRvRjJSAN5mCXviuTGQ/lHnhvv8Q1YTpnfz9gA==, registry: https://registry.npm.taobao.org/, tarball: https://registry.npmmirror.com/@tsconfig/node16/-/node16-1.0.2.tgz}
    name: '@tsconfig/node16'
    version: 1.0.2
    dev: false

  registry.npmmirror.com/acorn-walk/8.2.0:
    resolution: {integrity: sha512-k+iyHEuPgSw6SbuDpGQM+06HQUa04DZ3o+F6CSzXMvvI5KMvnaEqXe+YVe555R9nn6GPt404fos4wcgpw12SDA==, registry: https://registry.npm.taobao.org/, tarball: https://registry.npmmirror.com/acorn-walk/-/acorn-walk-8.2.0.tgz}
    name: acorn-walk
    version: 8.2.0
    engines: {node: '>=0.4.0'}
    dev: false

  registry.npmmirror.com/acorn/8.7.0:
    resolution: {integrity: sha512-V/LGr1APy+PXIwKebEWrkZPwoeoF+w1jiOBUmuxuiUIaOHtob8Qc9BTrYo7VuI5fR8tqsy+buA2WFooR5olqvQ==, registry: https://registry.npm.taobao.org/, tarball: https://registry.npmmirror.com/acorn/-/acorn-8.7.0.tgz}
    name: acorn
    version: 8.7.0
    engines: {node: '>=0.4.0'}
    hasBin: true
    dev: false

  registry.npmmirror.com/arg/4.1.3:
    resolution: {integrity: sha512-58S9QDqG0Xx27YwPSt9fJxivjYl432YCwfDMfZ+71RAqUrZef7LrKQZ3LHLOwCS4FLNBplP533Zx895SeOCHvA==, registry: https://registry.npm.taobao.org/, tarball: https://registry.npmmirror.com/arg/-/arg-4.1.3.tgz}
    name: arg
    version: 4.1.3
    dev: false

  registry.npmmirror.com/create-require/1.1.1:
    resolution: {integrity: sha512-dcKFX3jn0MpIaXjisoRvexIJVEKzaq7z2rZKxf+MSr9TkdmHmsU4m2lcLojrj/FHl8mk5VxMmYA+ftRkP/3oKQ==, registry: https://registry.npm.taobao.org/, tarball: https://registry.npmmirror.com/create-require/-/create-require-1.1.1.tgz}
    name: create-require
    version: 1.1.1
    dev: false

  registry.npmmirror.com/diff/4.0.2:
    resolution: {integrity: sha512-58lmxKSA4BNyLz+HHMUzlOEpg09FV+ev6ZMe3vJihgdxzgcwZ8VoEEPmALCZG9LmqfVoNMMKpttIYTVG6uDY7A==, registry: https://registry.npm.taobao.org/, tarball: https://registry.npmmirror.com/diff/-/diff-4.0.2.tgz}
    name: diff
    version: 4.0.2
    engines: {node: '>=0.3.1'}
    dev: false

  registry.npmmirror.com/esbuild-android-arm64/0.13.15:
    resolution: {integrity: sha512-m602nft/XXeO8YQPUDVoHfjyRVPdPgjyyXOxZ44MK/agewFFkPa8tUo6lAzSWh5Ui5PB4KR9UIFTSBKh/RrCmg==, registry: https://registry.npm.taobao.org/, tarball: https://registry.npmmirror.com/esbuild-android-arm64/-/esbuild-android-arm64-0.13.15.tgz}
    name: esbuild-android-arm64
    version: 0.13.15
    cpu: [arm64]
    os: [android]
    requiresBuild: true
    dev: true
    optional: true

  registry.npmmirror.com/esbuild-darwin-64/0.13.15:
    resolution: {integrity: sha512-ihOQRGs2yyp7t5bArCwnvn2Atr6X4axqPpEdCFPVp7iUj4cVSdisgvEKdNR7yH3JDjW6aQDw40iQFoTqejqxvQ==, registry: https://registry.npm.taobao.org/, tarball: https://registry.npmmirror.com/esbuild-darwin-64/-/esbuild-darwin-64-0.13.15.tgz}
    name: esbuild-darwin-64
    version: 0.13.15
    cpu: [x64]
    os: [darwin]
    requiresBuild: true
    dev: true
    optional: true

  registry.npmmirror.com/esbuild-darwin-arm64/0.13.15:
    resolution: {integrity: sha512-i1FZssTVxUqNlJ6cBTj5YQj4imWy3m49RZRnHhLpefFIh0To05ow9DTrXROTE1urGTQCloFUXTX8QfGJy1P8dQ==, registry: https://registry.npm.taobao.org/, tarball: https://registry.npmmirror.com/esbuild-darwin-arm64/-/esbuild-darwin-arm64-0.13.15.tgz}
    name: esbuild-darwin-arm64
    version: 0.13.15
    cpu: [arm64]
    os: [darwin]
    requiresBuild: true
    dev: true
    optional: true

  registry.npmmirror.com/esbuild-freebsd-64/0.13.15:
    resolution: {integrity: sha512-G3dLBXUI6lC6Z09/x+WtXBXbOYQZ0E8TDBqvn7aMaOCzryJs8LyVXKY4CPnHFXZAbSwkCbqiPuSQ1+HhrNk7EA==, registry: https://registry.npm.taobao.org/, tarball: https://registry.npmmirror.com/esbuild-freebsd-64/-/esbuild-freebsd-64-0.13.15.tgz}
    name: esbuild-freebsd-64
    version: 0.13.15
    cpu: [x64]
    os: [freebsd]
    requiresBuild: true
    dev: true
    optional: true

  registry.npmmirror.com/esbuild-freebsd-arm64/0.13.15:
    resolution: {integrity: sha512-KJx0fzEDf1uhNOZQStV4ujg30WlnwqUASaGSFPhznLM/bbheu9HhqZ6mJJZM32lkyfGJikw0jg7v3S0oAvtvQQ==, registry: https://registry.npm.taobao.org/, tarball: https://registry.npmmirror.com/esbuild-freebsd-arm64/-/esbuild-freebsd-arm64-0.13.15.tgz}
    name: esbuild-freebsd-arm64
    version: 0.13.15
    cpu: [arm64]
    os: [freebsd]
    requiresBuild: true
    dev: true
    optional: true

  registry.npmmirror.com/esbuild-linux-32/0.13.15:
    resolution: {integrity: sha512-ZvTBPk0YWCLMCXiFmD5EUtB30zIPvC5Itxz0mdTu/xZBbbHJftQgLWY49wEPSn2T/TxahYCRDWun5smRa0Tu+g==, registry: https://registry.npm.taobao.org/, tarball: https://registry.npmmirror.com/esbuild-linux-32/-/esbuild-linux-32-0.13.15.tgz}
    name: esbuild-linux-32
    version: 0.13.15
    cpu: [ia32]
    os: [linux]
    requiresBuild: true
    dev: true
    optional: true

  registry.npmmirror.com/esbuild-linux-64/0.13.15:
    resolution: {integrity: sha512-eCKzkNSLywNeQTRBxJRQ0jxRCl2YWdMB3+PkWFo2BBQYC5mISLIVIjThNtn6HUNqua1pnvgP5xX0nHbZbPj5oA==, registry: https://registry.npm.taobao.org/, tarball: https://registry.npmmirror.com/esbuild-linux-64/-/esbuild-linux-64-0.13.15.tgz}
    name: esbuild-linux-64
    version: 0.13.15
    cpu: [x64]
    os: [linux]
    requiresBuild: true
    dev: true
    optional: true

  registry.npmmirror.com/esbuild-linux-arm/0.13.15:
    resolution: {integrity: sha512-wUHttDi/ol0tD8ZgUMDH8Ef7IbDX+/UsWJOXaAyTdkT7Yy9ZBqPg8bgB/Dn3CZ9SBpNieozrPRHm0BGww7W/jA==, registry: https://registry.npm.taobao.org/, tarball: https://registry.npmmirror.com/esbuild-linux-arm/-/esbuild-linux-arm-0.13.15.tgz}
    name: esbuild-linux-arm
    version: 0.13.15
    cpu: [arm]
    os: [linux]
    requiresBuild: true
    dev: true
    optional: true

  registry.npmmirror.com/esbuild-linux-arm64/0.13.15:
    resolution: {integrity: sha512-bYpuUlN6qYU9slzr/ltyLTR9YTBS7qUDymO8SV7kjeNext61OdmqFAzuVZom+OLW1HPHseBfJ/JfdSlx8oTUoA==, registry: https://registry.npm.taobao.org/, tarball: https://registry.npmmirror.com/esbuild-linux-arm64/-/esbuild-linux-arm64-0.13.15.tgz}
    name: esbuild-linux-arm64
    version: 0.13.15
    cpu: [arm64]
    os: [linux]
    requiresBuild: true
    dev: true
    optional: true

  registry.npmmirror.com/esbuild-linux-mips64le/0.13.15:
    resolution: {integrity: sha512-KlVjIG828uFPyJkO/8gKwy9RbXhCEUeFsCGOJBepUlpa7G8/SeZgncUEz/tOOUJTcWMTmFMtdd3GElGyAtbSWg==, registry: https://registry.npm.taobao.org/, tarball: https://registry.npmmirror.com/esbuild-linux-mips64le/-/esbuild-linux-mips64le-0.13.15.tgz}
    name: esbuild-linux-mips64le
    version: 0.13.15
    cpu: [mips64el]
    os: [linux]
    requiresBuild: true
    dev: true
    optional: true

  registry.npmmirror.com/esbuild-linux-ppc64le/0.13.15:
    resolution: {integrity: sha512-h6gYF+OsaqEuBjeesTBtUPw0bmiDu7eAeuc2OEH9S6mV9/jPhPdhOWzdeshb0BskRZxPhxPOjqZ+/OqLcxQwEQ==, registry: https://registry.npm.taobao.org/, tarball: https://registry.npmmirror.com/esbuild-linux-ppc64le/-/esbuild-linux-ppc64le-0.13.15.tgz}
    name: esbuild-linux-ppc64le
    version: 0.13.15
    cpu: [ppc64]
    os: [linux]
    requiresBuild: true
    dev: true
    optional: true

  registry.npmmirror.com/esbuild-netbsd-64/0.13.15:
    resolution: {integrity: sha512-3+yE9emwoevLMyvu+iR3rsa+Xwhie7ZEHMGDQ6dkqP/ndFzRHkobHUKTe+NCApSqG5ce2z4rFu+NX/UHnxlh3w==, registry: https://registry.npm.taobao.org/, tarball: https://registry.npmmirror.com/esbuild-netbsd-64/-/esbuild-netbsd-64-0.13.15.tgz}
    name: esbuild-netbsd-64
    version: 0.13.15
    cpu: [x64]
    os: [netbsd]
    requiresBuild: true
    dev: true
    optional: true

  registry.npmmirror.com/esbuild-openbsd-64/0.13.15:
    resolution: {integrity: sha512-wTfvtwYJYAFL1fSs8yHIdf5GEE4NkbtbXtjLWjM3Cw8mmQKqsg8kTiqJ9NJQe5NX/5Qlo7Xd9r1yKMMkHllp5g==, registry: https://registry.npm.taobao.org/, tarball: https://registry.npmmirror.com/esbuild-openbsd-64/-/esbuild-openbsd-64-0.13.15.tgz}
    name: esbuild-openbsd-64
    version: 0.13.15
    cpu: [x64]
    os: [openbsd]
    requiresBuild: true
    dev: true
    optional: true

  registry.npmmirror.com/esbuild-sunos-64/0.13.15:
    resolution: {integrity: sha512-lbivT9Bx3t1iWWrSnGyBP9ODriEvWDRiweAs69vI+miJoeKwHWOComSRukttbuzjZ8r1q0mQJ8Z7yUsDJ3hKdw==, registry: https://registry.npm.taobao.org/, tarball: https://registry.npmmirror.com/esbuild-sunos-64/-/esbuild-sunos-64-0.13.15.tgz}
    name: esbuild-sunos-64
    version: 0.13.15
    cpu: [x64]
    os: [sunos]
    requiresBuild: true
    dev: true
    optional: true

  registry.npmmirror.com/esbuild-windows-32/0.13.15:
    resolution: {integrity: sha512-fDMEf2g3SsJ599MBr50cY5ve5lP1wyVwTe6aLJsM01KtxyKkB4UT+fc5MXQFn3RLrAIAZOG+tHC+yXObpSn7Nw==, registry: https://registry.npm.taobao.org/, tarball: https://registry.npmmirror.com/esbuild-windows-32/-/esbuild-windows-32-0.13.15.tgz}
    name: esbuild-windows-32
    version: 0.13.15
    cpu: [ia32]
    os: [win32]
    requiresBuild: true
    dev: true
    optional: true

  registry.npmmirror.com/esbuild-windows-64/0.13.15:
    resolution: {integrity: sha512-9aMsPRGDWCd3bGjUIKG/ZOJPKsiztlxl/Q3C1XDswO6eNX/Jtwu4M+jb6YDH9hRSUflQWX0XKAfWzgy5Wk54JQ==, registry: https://registry.npm.taobao.org/, tarball: https://registry.npmmirror.com/esbuild-windows-64/-/esbuild-windows-64-0.13.15.tgz}
    name: esbuild-windows-64
    version: 0.13.15
    cpu: [x64]
    os: [win32]
    requiresBuild: true
    dev: true
    optional: true

  registry.npmmirror.com/esbuild-windows-arm64/0.13.15:
    resolution: {integrity: sha512-zzvyCVVpbwQQATaf3IG8mu1IwGEiDxKkYUdA4FpoCHi1KtPa13jeScYDjlW0Qh+ebWzpKfR2ZwvqAQkSWNcKjA==, registry: https://registry.npm.taobao.org/, tarball: https://registry.npmmirror.com/esbuild-windows-arm64/-/esbuild-windows-arm64-0.13.15.tgz}
    name: esbuild-windows-arm64
    version: 0.13.15
    cpu: [arm64]
    os: [win32]
    requiresBuild: true
    dev: true
    optional: true

  registry.npmmirror.com/fsevents/2.3.2:
    resolution: {integrity: sha512-xiqMQR4xAeHTuB9uWm+fFRcIOgKBMiOBP+eXiyT7jsgVCq1bkVygt00oASowB7EdtpOHaaPgKt812P9ab+DDKA==, registry: https://registry.npm.taobao.org/, tarball: https://registry.npmmirror.com/fsevents/-/fsevents-2.3.2.tgz}
    name: fsevents
    version: 2.3.2
    engines: {node: ^8.16.0 || ^10.6.0 || >=11.0.0}
    os: [darwin]
    requiresBuild: true
    dev: true
    optional: true

  registry.npmmirror.com/make-error/1.3.6:
    resolution: {integrity: sha512-s8UhlNe7vPKomQhC1qFelMokr/Sc3AgNbso3n74mVPA5LTZwkB9NlXf4XPamLxJE8h0gh73rM94xvwRT2CVInw==, registry: https://registry.npm.taobao.org/, tarball: https://registry.npmmirror.com/make-error/-/make-error-1.3.6.tgz}
    name: make-error
    version: 1.3.6
    dev: false

  registry.npmmirror.com/prettier/2.5.1:
    resolution: {integrity: sha512-vBZcPRUR5MZJwoyi3ZoyQlc1rXeEck8KgeC9AwwOn+exuxLxq5toTRDTSaVrXHxelDMHy9zlicw8u66yxoSUFg==, registry: https://registry.npm.taobao.org/, tarball: https://registry.npmmirror.com/prettier/download/prettier-2.5.1.tgz}
    name: prettier
    version: 2.5.1
    engines: {node: '>=10.13.0'}
    hasBin: true
    dev: true

  registry.npmmirror.com/ts-node/10.7.0_typescript@4.5.2:
    resolution: {integrity: sha512-TbIGS4xgJoX2i3do417KSaep1uRAW/Lu+WAL2doDHC0D6ummjirVOXU5/7aiZotbQ5p1Zp9tP7U6cYhA0O7M8A==, registry: https://registry.npm.taobao.org/, tarball: https://registry.npmmirror.com/ts-node/-/ts-node-10.7.0.tgz}
    id: registry.npmmirror.com/ts-node/10.7.0
    name: ts-node
    version: 10.7.0
    hasBin: true
    peerDependencies:
      '@swc/core': '>=1.2.50'
      '@swc/wasm': '>=1.2.50'
      '@types/node': '*'
      typescript: '>=2.7'
    peerDependenciesMeta:
      '@swc/core':
        optional: true
      '@swc/wasm':
        optional: true
    dependencies:
      '@cspotcode/source-map-support': registry.npmmirror.com/@cspotcode/source-map-support/0.7.0
      '@tsconfig/node10': registry.npmmirror.com/@tsconfig/node10/1.0.8
      '@tsconfig/node12': registry.npmmirror.com/@tsconfig/node12/1.0.9
      '@tsconfig/node14': registry.npmmirror.com/@tsconfig/node14/1.0.1
      '@tsconfig/node16': registry.npmmirror.com/@tsconfig/node16/1.0.2
      acorn: registry.npmmirror.com/acorn/8.7.0
      acorn-walk: registry.npmmirror.com/acorn-walk/8.2.0
      arg: registry.npmmirror.com/arg/4.1.3
      create-require: registry.npmmirror.com/create-require/1.1.1
      diff: registry.npmmirror.com/diff/4.0.2
      make-error: registry.npmmirror.com/make-error/1.3.6
      typescript: registry.npmmirror.com/typescript/4.5.2
      v8-compile-cache-lib: registry.npmmirror.com/v8-compile-cache-lib/3.0.0
      yn: registry.npmmirror.com/yn/3.1.1
    dev: false

  registry.npmmirror.com/typescript/4.5.2:
    resolution: {integrity: sha512-5BlMof9H1yGt0P8/WF+wPNw6GfctgGjXp5hkblpyT+8rkASSmkUKMXrxR0Xg8ThVCi/JnHQiKXeBaEwCeQwMFw==, registry: https://registry.npm.taobao.org/, tarball: https://registry.npmmirror.com/typescript/download/typescript-4.5.2.tgz}
    name: typescript
    version: 4.5.2
    engines: {node: '>=4.2.0'}
    hasBin: true
    dev: true

  registry.npmmirror.com/v8-compile-cache-lib/3.0.0:
    resolution: {integrity: sha512-mpSYqfsFvASnSn5qMiwrr4VKfumbPyONLCOPmsR3A6pTY/r0+tSaVbgPWSAIuzbk3lCTa+FForeTiO+wBQGkjA==, registry: https://registry.npm.taobao.org/, tarball: https://registry.npmmirror.com/v8-compile-cache-lib/-/v8-compile-cache-lib-3.0.0.tgz}
    name: v8-compile-cache-lib
    version: 3.0.0
    dev: false

  registry.npmmirror.com/yn/3.1.1:
    resolution: {integrity: sha512-Ux4ygGWsu2c7isFWe8Yu1YluJmqVhxqK2cLXNQA5AcC3QfbGNpM7fu0Y8b/z16pXLnFxZYvWhd3fhBY9DLmC6Q==, registry: https://registry.npm.taobao.org/, tarball: https://registry.npmmirror.com/yn/-/yn-3.1.1.tgz}
    name: yn
    version: 3.1.1
    engines: {node: '>=6'}
    dev: false
